{
  "originHash" : "e31749a36cc993092e5868fd5ca59e826453b4614b6a497007bd8120435c6861",
  "pins" : [
    {
      "identity" : "defaults",
      "kind" : "remoteSourceControl",
      "location" : "https://github.com/sindresorhus/Defaults.git",
      "state" : {
        "revision" : "8192b0986611e105355a9433e99bf5c79469fbbd",
        "version" : "9.0.6"
      }
    },
    {
      "identity" : "localshortcuts",
      "kind" : "remoteSourceControl",
      "location" : "https://github.com/AryanRogye/LocalShortcuts",
      "state" : {
        "branch" : "main",
        "revision" : "0058505e2d6773d30a3556553f07468ead35f039"
      }
    },
    {
      "identity" : "swift-syntax",
      "kind" : "remoteSourceControl",
      "location" : "https://github.com/swiftlang/swift-syntax",
      "state" : {
        "revision" : "4799286537280063c85a32f09884cfbca301b1a1",
        "version" : "602.0.0"
      }
    }
  ],
  "version" : 3
}
